// !$*UTF8*$!
{
	archiveVersion = 1;
	classes = {
	};
	objectVersion = 56;
	objects = {

/* Begin PBXBuildFile section */
		2787C4912AEAE6D0000EAF54 /* GoogleService-Info.plist in Resources */ = {isa = PBXBuildFile; fileRef = 2787C4902AEAE6D0000EAF54 /* GoogleService-Info.plist */; };
		27D8F1A82AE8804300E54210 /* FirebaseMessaging in Frameworks */ = {isa = PBXBuildFile; productRef = 27D8F1A72AE8804300E54210 /* FirebaseMessaging */; };
		27D8F1B72AE99C7E00E54210 /* Env.swift in Sources */ = {isa = PBXBuildFile; fileRef = 27D8F1B62AE99C7E00E54210 /* Env.swift */; };
		8415951F2AE711C9000F9113 /* Courier_iOS_FirebaseApp.swift in Sources */ = {isa = PBXBuildFile; fileRef = 8415951E2AE711C9000F9113 /* Courier_iOS_FirebaseApp.swift */; };
		841595212AE711C9000F9113 /* ContentView.swift in Sources */ = {isa = PBXBuildFile; fileRef = 841595202AE711C9000F9113 /* ContentView.swift */; };
		841595232AE711CA000F9113 /* Assets.xcassets in Resources */ = {isa = PBXBuildFile; fileRef = 841595222AE711CA000F9113 /* Assets.xcassets */; };
		841595262AE711CA000F9113 /* Preview Assets.xcassets in Resources */ = {isa = PBXBuildFile; fileRef = 841595252AE711CA000F9113 /* Preview Assets.xcassets */; };
		8415952F2AE714C9000F9113 /* Courier_iOS in Frameworks */ = {isa = PBXBuildFile; productRef = 8415952E2AE714C9000F9113 /* Courier_iOS */; };
		841595702AE71C7B000F9113 /* NotificationService.swift in Sources */ = {isa = PBXBuildFile; fileRef = 8415956F2AE71C7B000F9113 /* NotificationService.swift */; };
		841595742AE71C7B000F9113 /* CourierService.appex in Embed Foundation Extensions */ = {isa = PBXBuildFile; fileRef = 8415956D2AE71C7B000F9113 /* CourierService.appex */; settings = {ATTRIBUTES = (RemoveHeadersOnCopy, ); }; };
		8415957D2AE71D74000F9113 /* Courier_iOS in Frameworks */ = {isa = PBXBuildFile; productRef = 8415957C2AE71D74000F9113 /* Courier_iOS */; };
		8415957F2AE71EE4000F9113 /* AppDelegate.swift in Sources */ = {isa = PBXBuildFile; fileRef = 8415957E2AE71EE4000F9113 /* AppDelegate.swift */; };
/* End PBXBuildFile section */

/* Begin PBXContainerItemProxy section */
		841595722AE71C7B000F9113 /* PBXContainerItemProxy */ = {
			isa = PBXContainerItemProxy;
			containerPortal = 841595132AE711C9000F9113 /* Project object */;
			proxyType = 1;
			remoteGlobalIDString = 8415956C2AE71C7B000F9113;
			remoteInfo = CourierService;
		};
/* End PBXContainerItemProxy section */

/* Begin PBXCopyFilesBuildPhase section */
		841595782AE71C7B000F9113 /* Embed Foundation Extensions */ = {
			isa = PBXCopyFilesBuildPhase;
			buildActionMask = 2147483647;
			dstPath = "";
			dstSubfolderSpec = 13;
			files = (
				841595742AE71C7B000F9113 /* CourierService.appex in Embed Foundation Extensions */,
			);
			name = "Embed Foundation Extensions";
			runOnlyForDeploymentPostprocessing = 0;
		};
/* End PBXCopyFilesBuildPhase section */

/* Begin PBXFileReference section */
		2787C4902AEAE6D0000EAF54 /* GoogleService-Info.plist */ = {isa = PBXFileReference; fileEncoding = 4; lastKnownFileType = text.plist.xml; path = "GoogleService-Info.plist"; sourceTree = "<group>"; };
		27D8F1B62AE99C7E00E54210 /* Env.swift */ = {isa = PBXFileReference; lastKnownFileType = sourcecode.swift; path = Env.swift; sourceTree = "<group>"; };
		8415951B2AE711C9000F9113 /* Courier iOS Firebase.app */ = {isa = PBXFileReference; explicitFileType = wrapper.application; includeInIndex = 0; path = "Courier iOS Firebase.app"; sourceTree = BUILT_PRODUCTS_DIR; };
		8415951E2AE711C9000F9113 /* Courier_iOS_FirebaseApp.swift */ = {isa = PBXFileReference; lastKnownFileType = sourcecode.swift; path = Courier_iOS_FirebaseApp.swift; sourceTree = "<group>"; };
		841595202AE711C9000F9113 /* ContentView.swift */ = {isa = PBXFileReference; lastKnownFileType = sourcecode.swift; path = ContentView.swift; sourceTree = "<group>"; };
		841595222AE711CA000F9113 /* Assets.xcassets */ = {isa = PBXFileReference; lastKnownFileType = folder.assetcatalog; path = Assets.xcassets; sourceTree = "<group>"; };
		841595252AE711CA000F9113 /* Preview Assets.xcassets */ = {isa = PBXFileReference; lastKnownFileType = folder.assetcatalog; path = "Preview Assets.xcassets"; sourceTree = "<group>"; };
		8415952C2AE713F3000F9113 /* Courier iOS Firebase.entitlements */ = {isa = PBXFileReference; lastKnownFileType = text.plist.entitlements; path = "Courier iOS Firebase.entitlements"; sourceTree = "<group>"; };
		8415956D2AE71C7B000F9113 /* CourierService.appex */ = {isa = PBXFileReference; explicitFileType = "wrapper.app-extension"; includeInIndex = 0; path = CourierService.appex; sourceTree = BUILT_PRODUCTS_DIR; };
		8415956F2AE71C7B000F9113 /* NotificationService.swift */ = {isa = PBXFileReference; lastKnownFileType = sourcecode.swift; path = NotificationService.swift; sourceTree = "<group>"; };
		841595712AE71C7B000F9113 /* Info.plist */ = {isa = PBXFileReference; lastKnownFileType = text.plist.xml; path = Info.plist; sourceTree = "<group>"; };
		8415957E2AE71EE4000F9113 /* AppDelegate.swift */ = {isa = PBXFileReference; lastKnownFileType = sourcecode.swift; path = AppDelegate.swift; sourceTree = "<group>"; };
/* End PBXFileReference section */

/* Begin PBXFrameworksBuildPhase section */
		841595182AE711C9000F9113 /* Frameworks */ = {
			isa = PBXFrameworksBuildPhase;
			buildActionMask = 2147483647;
			files = (
				27D8F1A82AE8804300E54210 /* FirebaseMessaging in Frameworks */,
				8415952F2AE714C9000F9113 /* Courier_iOS in Frameworks */,
			);
			runOnlyForDeploymentPostprocessing = 0;
		};
		8415956A2AE71C7B000F9113 /* Frameworks */ = {
			isa = PBXFrameworksBuildPhase;
			buildActionMask = 2147483647;
			files = (
				8415957D2AE71D74000F9113 /* Courier_iOS in Frameworks */,
			);
			runOnlyForDeploymentPostprocessing = 0;
		};
/* End PBXFrameworksBuildPhase section */

/* Begin PBXGroup section */
		841595122AE711C9000F9113 = {
			isa = PBXGroup;
			children = (
				8415951D2AE711C9000F9113 /* Courier iOS Firebase */,
				8415956E2AE71C7B000F9113 /* CourierService */,
				8415951C2AE711C9000F9113 /* Products */,
				841595792AE71D5C000F9113 /* Frameworks */,
			);
			sourceTree = "<group>";
		};
		8415951C2AE711C9000F9113 /* Products */ = {
			isa = PBXGroup;
			children = (
				8415951B2AE711C9000F9113 /* Courier iOS Firebase.app */,
				8415956D2AE71C7B000F9113 /* CourierService.appex */,
			);
			name = Products;
			sourceTree = "<group>";
		};
		8415951D2AE711C9000F9113 /* Courier iOS Firebase */ = {
			isa = PBXGroup;
			children = (
				2787C4902AEAE6D0000EAF54 /* GoogleService-Info.plist */,
				27D8F1B62AE99C7E00E54210 /* Env.swift */,
				8415952C2AE713F3000F9113 /* Courier iOS Firebase.entitlements */,
				8415951E2AE711C9000F9113 /* Courier_iOS_FirebaseApp.swift */,
				841595202AE711C9000F9113 /* ContentView.swift */,
				8415957E2AE71EE4000F9113 /* AppDelegate.swift */,
				841595222AE711CA000F9113 /* Assets.xcassets */,
				841595242AE711CA000F9113 /* Preview Content */,
			);
			path = "Courier iOS Firebase";
			sourceTree = "<group>";
		};
		841595242AE711CA000F9113 /* Preview Content */ = {
			isa = PBXGroup;
			children = (
				841595252AE711CA000F9113 /* Preview Assets.xcassets */,
			);
			path = "Preview Content";
			sourceTree = "<group>";
		};
		8415956E2AE71C7B000F9113 /* CourierService */ = {
			isa = PBXGroup;
			children = (
				8415956F2AE71C7B000F9113 /* NotificationService.swift */,
				841595712AE71C7B000F9113 /* Info.plist */,
			);
			path = CourierService;
			sourceTree = "<group>";
		};
		841595792AE71D5C000F9113 /* Frameworks */ = {
			isa = PBXGroup;
			children = (
			);
			name = Frameworks;
			sourceTree = "<group>";
		};
/* End PBXGroup section */

/* Begin PBXNativeTarget section */
		8415951A2AE711C9000F9113 /* Courier iOS Firebase */ = {
			isa = PBXNativeTarget;
			buildConfigurationList = 841595292AE711CA000F9113 /* Build configuration list for PBXNativeTarget "Courier iOS Firebase" */;
			buildPhases = (
				841595172AE711C9000F9113 /* Sources */,
				841595182AE711C9000F9113 /* Frameworks */,
				841595192AE711C9000F9113 /* Resources */,
				841595782AE71C7B000F9113 /* Embed Foundation Extensions */,
			);
			buildRules = (
			);
			dependencies = (
				841595732AE71C7B000F9113 /* PBXTargetDependency */,
			);
			name = "Courier iOS Firebase";
			packageProductDependencies = (
				8415952E2AE714C9000F9113 /* Courier_iOS */,
				27D8F1A72AE8804300E54210 /* FirebaseMessaging */,
			);
			productName = "Courier iOS Firebase";
			productReference = 8415951B2AE711C9000F9113 /* Courier iOS Firebase.app */;
			productType = "com.apple.product-type.application";
		};
		8415956C2AE71C7B000F9113 /* CourierService */ = {
			isa = PBXNativeTarget;
			buildConfigurationList = 841595752AE71C7B000F9113 /* Build configuration list for PBXNativeTarget "CourierService" */;
			buildPhases = (
				841595692AE71C7B000F9113 /* Sources */,
				8415956A2AE71C7B000F9113 /* Frameworks */,
				8415956B2AE71C7B000F9113 /* Resources */,
			);
			buildRules = (
			);
			dependencies = (
			);
			name = CourierService;
			packageProductDependencies = (
				8415957C2AE71D74000F9113 /* Courier_iOS */,
			);
			productName = CourierService;
			productReference = 8415956D2AE71C7B000F9113 /* CourierService.appex */;
			productType = "com.apple.product-type.app-extension";
		};
/* End PBXNativeTarget section */

/* Begin PBXProject section */
		841595132AE711C9000F9113 /* Project object */ = {
			isa = PBXProject;
			attributes = {
				BuildIndependentTargetsInParallel = 1;
				LastSwiftUpdateCheck = 1500;
				LastUpgradeCheck = 1500;
				TargetAttributes = {
					8415951A2AE711C9000F9113 = {
						CreatedOnToolsVersion = 15.0.1;
					};
					8415956C2AE71C7B000F9113 = {
						CreatedOnToolsVersion = 15.0.1;
					};
				};
			};
			buildConfigurationList = 841595162AE711C9000F9113 /* Build configuration list for PBXProject "Courier iOS Firebase" */;
			compatibilityVersion = "Xcode 14.0";
			developmentRegion = en;
			hasScannedForEncodings = 0;
			knownRegions = (
				en,
				Base,
			);
			mainGroup = 841595122AE711C9000F9113;
			packageReferences = (
				8415952D2AE714C9000F9113 /* XCRemoteSwiftPackageReference "courier-ios" */,
				27D8F1A62AE8804300E54210 /* XCRemoteSwiftPackageReference "firebase-ios-sdk" */,
			);
			productRefGroup = 8415951C2AE711C9000F9113 /* Products */;
			projectDirPath = "";
			projectRoot = "";
			targets = (
				8415951A2AE711C9000F9113 /* Courier iOS Firebase */,
				8415956C2AE71C7B000F9113 /* CourierService */,
			);
		};
/* End PBXProject section */

/* Begin PBXResourcesBuildPhase section */
		841595192AE711C9000F9113 /* Resources */ = {
			isa = PBXResourcesBuildPhase;
			buildActionMask = 2147483647;
			files = (
				841595262AE711CA000F9113 /* Preview Assets.xcassets in Resources */,
				841595232AE711CA000F9113 /* Assets.xcassets in Resources */,
				2787C4912AEAE6D0000EAF54 /* GoogleService-Info.plist in Resources */,
			);
			runOnlyForDeploymentPostprocessing = 0;
		};
		8415956B2AE71C7B000F9113 /* Resources */ = {
			isa = PBXResourcesBuildPhase;
			buildActionMask = 2147483647;
			files = (
			);
			runOnlyForDeploymentPostprocessing = 0;
		};
/* End PBXResourcesBuildPhase section */

/* Begin PBXSourcesBuildPhase section */
		841595172AE711C9000F9113 /* Sources */ = {
			isa = PBXSourcesBuildPhase;
			buildActionMask = 2147483647;
			files = (
				8415957F2AE71EE4000F9113 /* AppDelegate.swift in Sources */,
				27D8F1B72AE99C7E00E54210 /* Env.swift in Sources */,
				841595212AE711C9000F9113 /* ContentView.swift in Sources */,
				8415951F2AE711C9000F9113 /* Courier_iOS_FirebaseApp.swift in Sources */,
			);
			runOnlyForDeploymentPostprocessing = 0;
		};
		841595692AE71C7B000F9113 /* Sources */ = {
			isa = PBXSourcesBuildPhase;
			buildActionMask = 2147483647;
			files = (
				841595702AE71C7B000F9113 /* NotificationService.swift in Sources */,
			);
			runOnlyForDeploymentPostprocessing = 0;
		};
/* End PBXSourcesBuildPhase section */

/* Begin PBXTargetDependency section */
		841595732AE71C7B000F9113 /* PBXTargetDependency */ = {
			isa = PBXTargetDependency;
			target = 8415956C2AE71C7B000F9113 /* CourierService */;
			targetProxy = 841595722AE71C7B000F9113 /* PBXContainerItemProxy */;
		};
/* End PBXTargetDependency section */

/* Begin XCBuildConfiguration section */
		841595272AE711CA000F9113 /* Debug */ = {
			isa = XCBuildConfiguration;
			buildSettings = {
				ALWAYS_SEARCH_USER_PATHS = NO;
				ASSETCATALOG_COMPILER_GENERATE_SWIFT_ASSET_SYMBOL_EXTENSIONS = YES;
				CLANG_ANALYZER_NONNULL = YES;
				CLANG_ANALYZER_NUMBER_OBJECT_CONVERSION = YES_AGGRESSIVE;
				CLANG_CXX_LANGUAGE_STANDARD = "gnu++20";
				CLANG_ENABLE_MODULES = YES;
				CLANG_ENABLE_OBJC_ARC = YES;
				CLANG_ENABLE_OBJC_WEAK = YES;
				CLANG_WARN_BLOCK_CAPTURE_AUTORELEASING = YES;
				CLANG_WARN_BOOL_CONVERSION = YES;
				CLANG_WARN_COMMA = YES;
				CLANG_WARN_CONSTANT_CONVERSION = YES;
				CLANG_WARN_DEPRECATED_OBJC_IMPLEMENTATIONS = YES;
				CLANG_WARN_DIRECT_OBJC_ISA_USAGE = YES_ERROR;
				CLANG_WARN_DOCUMENTATION_COMMENTS = YES;
				CLANG_WARN_EMPTY_BODY = YES;
				CLANG_WARN_ENUM_CONVERSION = YES;
				CLANG_WARN_INFINITE_RECURSION = YES;
				CLANG_WARN_INT_CONVERSION = YES;
				CLANG_WARN_NON_LITERAL_NULL_CONVERSION = YES;
				CLANG_WARN_OBJC_IMPLICIT_RETAIN_SELF = YES;
				CLANG_WARN_OBJC_LITERAL_CONVERSION = YES;
				CLANG_WARN_OBJC_ROOT_CLASS = YES_ERROR;
				CLANG_WARN_QUOTED_INCLUDE_IN_FRAMEWORK_HEADER = YES;
				CLANG_WARN_RANGE_LOOP_ANALYSIS = YES;
				CLANG_WARN_STRICT_PROTOTYPES = YES;
				CLANG_WARN_SUSPICIOUS_MOVE = YES;
				CLANG_WARN_UNGUARDED_AVAILABILITY = YES_AGGRESSIVE;
				CLANG_WARN_UNREACHABLE_CODE = YES;
				CLANG_WARN__DUPLICATE_METHOD_MATCH = YES;
				COPY_PHASE_STRIP = NO;
				DEBUG_INFORMATION_FORMAT = dwarf;
				ENABLE_STRICT_OBJC_MSGSEND = YES;
				ENABLE_TESTABILITY = YES;
				ENABLE_USER_SCRIPT_SANDBOXING = YES;
				GCC_C_LANGUAGE_STANDARD = gnu17;
				GCC_DYNAMIC_NO_PIC = NO;
				GCC_NO_COMMON_BLOCKS = YES;
				GCC_OPTIMIZATION_LEVEL = 0;
				GCC_PREPROCESSOR_DEFINITIONS = (
					"DEBUG=1",
					"$(inherited)",
				);
				GCC_WARN_64_TO_32_BIT_CONVERSION = YES;
				GCC_WARN_ABOUT_RETURN_TYPE = YES_ERROR;
				GCC_WARN_UNDECLARED_SELECTOR = YES;
				GCC_WARN_UNINITIALIZED_AUTOS = YES_AGGRESSIVE;
				GCC_WARN_UNUSED_FUNCTION = YES;
				GCC_WARN_UNUSED_VARIABLE = YES;
				IPHONEOS_DEPLOYMENT_TARGET = 17.0;
				LOCALIZATION_PREFERS_STRING_CATALOGS = YES;
				MTL_ENABLE_DEBUG_INFO = INCLUDE_SOURCE;
				MTL_FAST_MATH = YES;
				ONLY_ACTIVE_ARCH = YES;
				SDKROOT = iphoneos;
				SWIFT_ACTIVE_COMPILATION_CONDITIONS = "DEBUG $(inherited)";
				SWIFT_OPTIMIZATION_LEVEL = "-Onone";
			};
			name = Debug;
		};
		841595282AE711CA000F9113 /* Release */ = {
			isa = XCBuildConfiguration;
			buildSettings = {
				ALWAYS_SEARCH_USER_PATHS = NO;
				ASSETCATALOG_COMPILER_GENERATE_SWIFT_ASSET_SYMBOL_EXTENSIONS = YES;
				CLANG_ANALYZER_NONNULL = YES;
				CLANG_ANALYZER_NUMBER_OBJECT_CONVERSION = YES_AGGRESSIVE;
				CLANG_CXX_LANGUAGE_STANDARD = "gnu++20";
				CLANG_ENABLE_MODULES = YES;
				CLANG_ENABLE_OBJC_ARC = YES;
				CLANG_ENABLE_OBJC_WEAK = YES;
				CLANG_WARN_BLOCK_CAPTURE_AUTORELEASING = YES;
				CLANG_WARN_BOOL_CONVERSION = YES;
				CLANG_WARN_COMMA = YES;
				CLANG_WARN_CONSTANT_CONVERSION = YES;
				CLANG_WARN_DEPRECATED_OBJC_IMPLEMENTATIONS = YES;
				CLANG_WARN_DIRECT_OBJC_ISA_USAGE = YES_ERROR;
				CLANG_WARN_DOCUMENTATION_COMMENTS = YES;
				CLANG_WARN_EMPTY_BODY = YES;
				CLANG_WARN_ENUM_CONVERSION = YES;
				CLANG_WARN_INFINITE_RECURSION = YES;
				CLANG_WARN_INT_CONVERSION = YES;
				CLANG_WARN_NON_LITERAL_NULL_CONVERSION = YES;
				CLANG_WARN_OBJC_IMPLICIT_RETAIN_SELF = YES;
				CLANG_WARN_OBJC_LITERAL_CONVERSION = YES;
				CLANG_WARN_OBJC_ROOT_CLASS = YES_ERROR;
				CLANG_WARN_QUOTED_INCLUDE_IN_FRAMEWORK_HEADER = YES;
				CLANG_WARN_RANGE_LOOP_ANALYSIS = YES;
				CLANG_WARN_STRICT_PROTOTYPES = YES;
				CLANG_WARN_SUSPICIOUS_MOVE = YES;
				CLANG_WARN_UNGUARDED_AVAILABILITY = YES_AGGRESSIVE;
				CLANG_WARN_UNREACHABLE_CODE = YES;
				CLANG_WARN__DUPLICATE_METHOD_MATCH = YES;
				COPY_PHASE_STRIP = NO;
				DEBUG_INFORMATION_FORMAT = "dwarf-with-dsym";
				ENABLE_NS_ASSERTIONS = NO;
				ENABLE_STRICT_OBJC_MSGSEND = YES;
				ENABLE_USER_SCRIPT_SANDBOXING = YES;
				GCC_C_LANGUAGE_STANDARD = gnu17;
				GCC_NO_COMMON_BLOCKS = YES;
				GCC_WARN_64_TO_32_BIT_CONVERSION = YES;
				GCC_WARN_ABOUT_RETURN_TYPE = YES_ERROR;
				GCC_WARN_UNDECLARED_SELECTOR = YES;
				GCC_WARN_UNINITIALIZED_AUTOS = YES_AGGRESSIVE;
				GCC_WARN_UNUSED_FUNCTION = YES;
				GCC_WARN_UNUSED_VARIABLE = YES;
				IPHONEOS_DEPLOYMENT_TARGET = 17.0;
				LOCALIZATION_PREFERS_STRING_CATALOGS = YES;
				MTL_ENABLE_DEBUG_INFO = NO;
				MTL_FAST_MATH = YES;
				SDKROOT = iphoneos;
				SWIFT_COMPILATION_MODE = wholemodule;
				VALIDATE_PRODUCT = YES;
			};
			name = Release;
		};
		8415952A2AE711CA000F9113 /* Debug */ = {
			isa = XCBuildConfiguration;
			buildSettings = {
				ALWAYS_EMBED_SWIFT_STANDARD_LIBRARIES = YES;
				ASSETCATALOG_COMPILER_APPICON_NAME = AppIcon;
				ASSETCATALOG_COMPILER_GLOBAL_ACCENT_COLOR_NAME = AccentColor;
				CODE_SIGN_ENTITLEMENTS = "Courier iOS Firebase/Courier iOS Firebase.entitlements";
				CODE_SIGN_STYLE = Automatic;
				CURRENT_PROJECT_VERSION = 1;
				DEVELOPMENT_ASSET_PATHS = "\"Courier iOS Firebase/Preview Content\"";
				DEVELOPMENT_TEAM = VJQ245Q28G;
				ENABLE_PREVIEWS = YES;
				GENERATE_INFOPLIST_FILE = YES;
				INFOPLIST_FILE = "Courier-iOS-Firebase-Info.plist";
				INFOPLIST_KEY_UIApplicationSceneManifest_Generation = YES;
				INFOPLIST_KEY_UIApplicationSupportsIndirectInputEvents = YES;
				INFOPLIST_KEY_UILaunchScreen_Generation = YES;
				INFOPLIST_KEY_UISupportedInterfaceOrientations_iPad = "UIInterfaceOrientationPortrait UIInterfaceOrientationPortraitUpsideDown UIInterfaceOrientationLandscapeLeft UIInterfaceOrientationLandscapeRight";
				INFOPLIST_KEY_UISupportedInterfaceOrientations_iPhone = "UIInterfaceOrientationPortrait UIInterfaceOrientationLandscapeLeft UIInterfaceOrientationLandscapeRight";
				LD_RUNPATH_SEARCH_PATHS = (
					"$(inherited)",
					"@executable_path/Frameworks",
				);
				MARKETING_VERSION = 1.0;
				PRODUCT_BUNDLE_IDENTIFIER = "com.rabasa.carter.Courier-iOS-Firebase";
				PRODUCT_NAME = "$(TARGET_NAME)";
				SWIFT_EMIT_LOC_STRINGS = YES;
				SWIFT_VERSION = 5.0;
				TARGETED_DEVICE_FAMILY = "1,2";
			};
			name = Debug;
		};
		8415952B2AE711CA000F9113 /* Release */ = {
			isa = XCBuildConfiguration;
			buildSettings = {
				ALWAYS_EMBED_SWIFT_STANDARD_LIBRARIES = YES;
				ASSETCATALOG_COMPILER_APPICON_NAME = AppIcon;
				ASSETCATALOG_COMPILER_GLOBAL_ACCENT_COLOR_NAME = AccentColor;
				CODE_SIGN_ENTITLEMENTS = "Courier iOS Firebase/Courier iOS Firebase.entitlements";
				CODE_SIGN_STYLE = Automatic;
				CURRENT_PROJECT_VERSION = 1;
				DEVELOPMENT_ASSET_PATHS = "\"Courier iOS Firebase/Preview Content\"";
				DEVELOPMENT_TEAM = VJQ245Q28G;
				ENABLE_PREVIEWS = YES;
				GENERATE_INFOPLIST_FILE = YES;
				INFOPLIST_FILE = "Courier-iOS-Firebase-Info.plist";
				INFOPLIST_KEY_UIApplicationSceneManifest_Generation = YES;
				INFOPLIST_KEY_UIApplicationSupportsIndirectInputEvents = YES;
				INFOPLIST_KEY_UILaunchScreen_Generation = YES;
				INFOPLIST_KEY_UISupportedInterfaceOrientations_iPad = "UIInterfaceOrientationPortrait UIInterfaceOrientationPortraitUpsideDown UIInterfaceOrientationLandscapeLeft UIInterfaceOrientationLandscapeRight";
				INFOPLIST_KEY_UISupportedInterfaceOrientations_iPhone = "UIInterfaceOrientationPortrait UIInterfaceOrientationLandscapeLeft UIInterfaceOrientationLandscapeRight";
				LD_RUNPATH_SEARCH_PATHS = (
					"$(inherited)",
					"@executable_path/Frameworks",
				);
				MARKETING_VERSION = 1.0;
				PRODUCT_BUNDLE_IDENTIFIER = "com.rabasa.carter.Courier-iOS-Firebase";
				PRODUCT_NAME = "$(TARGET_NAME)";
				SWIFT_EMIT_LOC_STRINGS = YES;
				SWIFT_VERSION = 5.0;
				TARGETED_DEVICE_FAMILY = "1,2";
			};
			name = Release;
		};
		841595762AE71C7B000F9113 /* Debug */ = {
			isa = XCBuildConfiguration;
			buildSettings = {
				CODE_SIGN_STYLE = Automatic;
				CURRENT_PROJECT_VERSION = 1;
				DEVELOPMENT_TEAM = VJQ245Q28G;
				GENERATE_INFOPLIST_FILE = YES;
				INFOPLIST_FILE = CourierService/Info.plist;
				INFOPLIST_KEY_CFBundleDisplayName = CourierService;
				INFOPLIST_KEY_NSHumanReadableCopyright = "";
				LD_RUNPATH_SEARCH_PATHS = (
					"$(inherited)",
					"@executable_path/Frameworks",
					"@executable_path/../../Frameworks",
				);
				MARKETING_VERSION = 1.0;
				PRODUCT_BUNDLE_IDENTIFIER = "com.rabasa.carter.Courier-iOS-Firebase.CourierService";
				PRODUCT_NAME = "$(TARGET_NAME)";
				SKIP_INSTALL = YES;
				SWIFT_EMIT_LOC_STRINGS = YES;
				SWIFT_VERSION = 5.0;
				TARGETED_DEVICE_FAMILY = "1,2";
			};
			name = Debug;
		};
		841595772AE71C7B000F9113 /* Release */ = {
			isa = XCBuildConfiguration;
			buildSettings = {
				CODE_SIGN_STYLE = Automatic;
				CURRENT_PROJECT_VERSION = 1;
				DEVELOPMENT_TEAM = VJQ245Q28G;
				GENERATE_INFOPLIST_FILE = YES;
				INFOPLIST_FILE = CourierService/Info.plist;
				INFOPLIST_KEY_CFBundleDisplayName = CourierService;
				INFOPLIST_KEY_NSHumanReadableCopyright = "";
				LD_RUNPATH_SEARCH_PATHS = (
					"$(inherited)",
					"@executable_path/Frameworks",
					"@executable_path/../../Frameworks",
				);
				MARKETING_VERSION = 1.0;
				PRODUCT_BUNDLE_IDENTIFIER = "com.rabasa.carter.Courier-iOS-Firebase.CourierService";
				PRODUCT_NAME = "$(TARGET_NAME)";
				SKIP_INSTALL = YES;
				SWIFT_EMIT_LOC_STRINGS = YES;
				SWIFT_VERSION = 5.0;
				TARGETED_DEVICE_FAMILY = "1,2";
			};
			name = Release;
		};
/* End XCBuildConfiguration section */

/* Begin XCConfigurationList section */
		841595162AE711C9000F9113 /* Build configuration list for PBXProject "Courier iOS Firebase" */ = {
			isa = XCConfigurationList;
			buildConfigurations = (
				841595272AE711CA000F9113 /* Debug */,
				841595282AE711CA000F9113 /* Release */,
			);
			defaultConfigurationIsVisible = 0;
			defaultConfigurationName = Release;
		};
		841595292AE711CA000F9113 /* Build configuration list for PBXNativeTarget "Courier iOS Firebase" */ = {
			isa = XCConfigurationList;
			buildConfigurations = (
				8415952A2AE711CA000F9113 /* Debug */,
				8415952B2AE711CA000F9113 /* Release */,
			);
			defaultConfigurationIsVisible = 0;
			defaultConfigurationName = Release;
		};
		841595752AE71C7B000F9113 /* Build configuration list for PBXNativeTarget "CourierService" */ = {
			isa = XCConfigurationList;
			buildConfigurations = (
				841595762AE71C7B000F9113 /* Debug */,
				841595772AE71C7B000F9113 /* Release */,
			);
			defaultConfigurationIsVisible = 0;
			defaultConfigurationName = Release;
		};
/* End XCConfigurationList section */

/* Begin XCRemoteSwiftPackageReference section */
		27D8F1A62AE8804300E54210 /* XCRemoteSwiftPackageReference "firebase-ios-sdk" */ = {
			isa = XCRemoteSwiftPackageReference;
			repositoryURL = "https://github.com/firebase/firebase-ios-sdk.git";
			requirement = {
				kind = upToNextMajorVersion;
				minimumVersion = 10.16.0;
			};
		};
		8415952D2AE714C9000F9113 /* XCRemoteSwiftPackageReference "courier-ios" */ = {
			isa = XCRemoteSwiftPackageReference;
			repositoryURL = "https://github.com/trycourier/courier-ios";
			requirement = {
				kind = upToNextMajorVersion;
				minimumVersion = 2.2.1;
			};
		};
/* End XCRemoteSwiftPackageReference section */

/* Begin XCSwiftPackageProductDependency section */
		27D8F1A72AE8804300E54210 /* FirebaseMessaging */ = {
			isa = XCSwiftPackageProductDependency;
			package = 27D8F1A62AE8804300E54210 /* XCRemoteSwiftPackageReference "firebase-ios-sdk" */;
			productName = FirebaseMessaging;
		};
		8415952E2AE714C9000F9113 /* Courier_iOS */ = {
			isa = XCSwiftPackageProductDependency;
			package = 8415952D2AE714C9000F9113 /* XCRemoteSwiftPackageReference "courier-ios" */;
			productName = Courier_iOS;
		};
		8415957C2AE71D74000F9113 /* Courier_iOS */ = {
			isa = XCSwiftPackageProductDependency;
			package = 8415952D2AE714C9000F9113 /* XCRemoteSwiftPackageReference "courier-ios" */;
			productName = Courier_iOS;
		};
/* End XCSwiftPackageProductDependency section */
	};
	rootObject = 841595132AE711C9000F9113 /* Project object */;
}
